
Microsoft Visual Studio Solution File, Format Version 12.00
# Visual Studio 15
VisualStudioVersion = 15.0.28307.329
MinimumVisualStudioVersion = 10.0.40219.1
Project("{FAE04EC0-301F-11D3-BF4B-00C04F79EFBC}") = "WS.Recomendation.Authentication", "WS.Recomendation.Authentication\WS.Recomendation.Authentication.csproj", "{783990AF-E1E1-46D0-9BE3-7FE1B1801D57}"
EndProject
Global
	GlobalSection(SolutionConfigurationPlatforms) = preSolution
		Debug|Any CPU = Debug|Any CPU
		Release|Any CPU = Release|Any CPU
	EndGlobalSection
	GlobalSection(ProjectConfigurationPlatforms) = postSolution
		{783990AF-E1E1-46D0-9BE3-7FE1B1801D57}.Debug|Any CPU.ActiveCfg = Debug|Any CPU
		{783990AF-E1E1-46D0-9BE3-7FE1B1801D57}.Debug|Any CPU.Build.0 = Debug|Any CPU
		{783990AF-E1E1-46D0-9BE3-7FE1B1801D57}.Release|Any CPU.ActiveCfg = Release|Any CPU
		{783990AF-E1E1-46D0-9BE3-7FE1B1801D57}.Release|Any CPU.Build.0 = Release|Any CPU
	EndGlobalSection
	GlobalSection(SolutionProperties) = preSolution
		HideSolutionNode = FALSE
	EndGlobalSection
	GlobalSection(ExtensibilityGlobals) = postSolution
		SolutionGuid = {D25499A0-C235-4AEB-926B-ABA9373E7B9C}
	EndGlobalSection
EndGlobal
