
Microsoft Visual Studio Solution File, Format Version 12.00
# Visual Studio 15
VisualStudioVersion = 15.0.28307.329
MinimumVisualStudioVersion = 10.0.40219.1
Project("{FAE04EC0-301F-11D3-BF4B-00C04F79EFBC}") = "WS.Recomendation.Cities", "WS.Recomendation.Cities\WS.Recomendation.Cities.csproj", "{AC994587-6F40-4D28-BAFC-368C5D429964}"
EndProject
Global
	GlobalSection(SolutionConfigurationPlatforms) = preSolution
		Debug|Any CPU = Debug|Any CPU
		Release|Any CPU = Release|Any CPU
	EndGlobalSection
	GlobalSection(ProjectConfigurationPlatforms) = postSolution
		{AC994587-6F40-4D28-BAFC-368C5D429964}.Debug|Any CPU.ActiveCfg = Debug|Any CPU
		{AC994587-6F40-4D28-BAFC-368C5D429964}.Debug|Any CPU.Build.0 = Debug|Any CPU
		{AC994587-6F40-4D28-BAFC-368C5D429964}.Release|Any CPU.ActiveCfg = Release|Any CPU
		{AC994587-6F40-4D28-BAFC-368C5D429964}.Release|Any CPU.Build.0 = Release|Any CPU
	EndGlobalSection
	GlobalSection(SolutionProperties) = preSolution
		HideSolutionNode = FALSE
	EndGlobalSection
	GlobalSection(ExtensibilityGlobals) = postSolution
		SolutionGuid = {09F03234-3851-486C-9D4C-6F3705796DF7}
	EndGlobalSection
EndGlobal
