
Microsoft Visual Studio Solution File, Format Version 12.00
# Visual Studio 15
VisualStudioVersion = 15.0.28307.329
MinimumVisualStudioVersion = 10.0.40219.1
Project("{FAE04EC0-301F-11D3-BF4B-00C04F79EFBC}") = "PlanAdviser.CitiesService", "PlanAdviser.Data\PlanAdviser.CitiesService.csproj", "{20B83C9B-0909-4389-ACE1-2D7F53128A47}"
EndProject
Project("{E53339B2-1760-4266-BCC7-CA923CBCF16C}") = "docker-compose", "docker-compose.dcproj", "{52AD0EAF-A896-4814-98BD-9C120A503624}"
EndProject
Global
	GlobalSection(SolutionConfigurationPlatforms) = preSolution
		Debug|Any CPU = Debug|Any CPU
		Release|Any CPU = Release|Any CPU
	EndGlobalSection
	GlobalSection(ProjectConfigurationPlatforms) = postSolution
		{20B83C9B-0909-4389-ACE1-2D7F53128A47}.Debug|Any CPU.ActiveCfg = Debug|Any CPU
		{20B83C9B-0909-4389-ACE1-2D7F53128A47}.Debug|Any CPU.Build.0 = Debug|Any CPU
		{20B83C9B-0909-4389-ACE1-2D7F53128A47}.Release|Any CPU.ActiveCfg = Release|Any CPU
		{20B83C9B-0909-4389-ACE1-2D7F53128A47}.Release|Any CPU.Build.0 = Release|Any CPU
		{52AD0EAF-A896-4814-98BD-9C120A503624}.Debug|Any CPU.ActiveCfg = Debug|Any CPU
		{52AD0EAF-A896-4814-98BD-9C120A503624}.Debug|Any CPU.Build.0 = Debug|Any CPU
		{52AD0EAF-A896-4814-98BD-9C120A503624}.Release|Any CPU.ActiveCfg = Release|Any CPU
		{52AD0EAF-A896-4814-98BD-9C120A503624}.Release|Any CPU.Build.0 = Release|Any CPU
	EndGlobalSection
	GlobalSection(SolutionProperties) = preSolution
		HideSolutionNode = FALSE
	EndGlobalSection
	GlobalSection(ExtensibilityGlobals) = postSolution
		SolutionGuid = {42C8E2BF-F4DE-4413-8B3C-783DD90FB9EE}
	EndGlobalSection
EndGlobal
