
Microsoft Visual Studio Solution File, Format Version 12.00
# Visual Studio 15
VisualStudioVersion = 15.0.28307.329
MinimumVisualStudioVersion = 10.0.40219.1
Project("{FAE04EC0-301F-11D3-BF4B-00C04F79EFBC}") = "WS.Recomendation.Web", "WS.Recomendation.Web\WS.Recomendation.Web.csproj", "{625DCC8B-0313-449C-8D46-A77EDF7EFDE0}"
EndProject
Global
	GlobalSection(SolutionConfigurationPlatforms) = preSolution
		Debug|Any CPU = Debug|Any CPU
		Release|Any CPU = Release|Any CPU
	EndGlobalSection
	GlobalSection(ProjectConfigurationPlatforms) = postSolution
		{625DCC8B-0313-449C-8D46-A77EDF7EFDE0}.Debug|Any CPU.ActiveCfg = Debug|Any CPU
		{625DCC8B-0313-449C-8D46-A77EDF7EFDE0}.Debug|Any CPU.Build.0 = Debug|Any CPU
		{625DCC8B-0313-449C-8D46-A77EDF7EFDE0}.Release|Any CPU.ActiveCfg = Release|Any CPU
		{625DCC8B-0313-449C-8D46-A77EDF7EFDE0}.Release|Any CPU.Build.0 = Release|Any CPU
	EndGlobalSection
	GlobalSection(SolutionProperties) = preSolution
		HideSolutionNode = FALSE
	EndGlobalSection
	GlobalSection(ExtensibilityGlobals) = postSolution
		SolutionGuid = {2B345F7A-FDC0-4918-81D4-9A6754645F9A}
	EndGlobalSection
EndGlobal
